
Microsoft Visual Studio Solution File, Format Version 12.00
# Visual Studio 15
VisualStudioVersion = 15.0.28307.1259
MinimumVisualStudioVersion = 10.0.40219.1
Project("{FAE04EC0-301F-11D3-BF4B-00C04F79EFBC}") = "WpfNetCoreApp1", "WpfNetCoreApp1\WpfNetCoreApp1.csproj", "{B236807D-C0C1-4F47-BB5E-A61E32EF9C1E}"
EndProject
Project("{FAE04EC0-301F-11D3-BF4B-00C04F79EFBC}") = "NUnitTestProject1", "NUnitTestProject1\NUnitTestProject1.csproj", "{AB92C061-8AE4-46B7-BEC1-E5C7EFB88317}"
EndProject
Global
	GlobalSection(SolutionConfigurationPlatforms) = preSolution
		Debug|Any CPU = Debug|Any CPU
		Release|Any CPU = Release|Any CPU
	EndGlobalSection
	GlobalSection(ProjectConfigurationPlatforms) = postSolution
		{B236807D-C0C1-4F47-BB5E-A61E32EF9C1E}.Debug|Any CPU.ActiveCfg = Debug|Any CPU
		{B236807D-C0C1-4F47-BB5E-A61E32EF9C1E}.Debug|Any CPU.Build.0 = Debug|Any CPU
		{B236807D-C0C1-4F47-BB5E-A61E32EF9C1E}.Release|Any CPU.ActiveCfg = Release|Any CPU
		{B236807D-C0C1-4F47-BB5E-A61E32EF9C1E}.Release|Any CPU.Build.0 = Release|Any CPU
		{AB92C061-8AE4-46B7-BEC1-E5C7EFB88317}.Debug|Any CPU.ActiveCfg = Debug|Any CPU
		{AB92C061-8AE4-46B7-BEC1-E5C7EFB88317}.Debug|Any CPU.Build.0 = Debug|Any CPU
		{AB92C061-8AE4-46B7-BEC1-E5C7EFB88317}.Release|Any CPU.ActiveCfg = Release|Any CPU
		{AB92C061-8AE4-46B7-BEC1-E5C7EFB88317}.Release|Any CPU.Build.0 = Release|Any CPU
	EndGlobalSection
	GlobalSection(SolutionProperties) = preSolution
		HideSolutionNode = FALSE
	EndGlobalSection
	GlobalSection(ExtensibilityGlobals) = postSolution
		SolutionGuid = {121C2AF1-CB73-4FD8-8BC2-D69C1C039C8F}
	EndGlobalSection
EndGlobal
